# This file is automatically @generated by Cargo.
# It is not intended for manual editing.
version = 4

[[package]]
name = "sel4lake-abi"
version = "0.0.1"

[[package]]
name = "sel4lake-cap"
version = "0.0.1"
dependencies = [
 "sel4lake-mem",
]

[[package]]
name = "sel4lake-dtb"
version = "0.0.1"

[[package]]
name = "sel4lake-hal"
version = "0.0.1"
dependencies = [
 "sel4lake-abi",
 "sel4lake-sync",
]

[[package]]
name = "sel4lake-ipc"
version = "0.0.1"
dependencies = [
 "sel4lake-abi",
 "sel4lake-hal",
 "sel4lake-sched",
]

[[package]]
name = "sel4lake-kernel"
version = "0.0.1"
dependencies = [
 "sel4lake-abi",
 "sel4lake-cap",
 "sel4lake-dtb",
 "sel4lake-hal",
 "sel4lake-ipc",
 "sel4lake-mem",
 "sel4lake-microkit",
 "sel4lake-sched",
 "sel4lake-sync",
]

[[package]]
name = "sel4lake-mem"
version = "0.0.1"

[[package]]
name = "sel4lake-microkit"
version = "0.0.1"
dependencies = [
 "sel4lake-abi",
 "sel4lake-cap",
 "sel4lake-hal",
 "sel4lake-ipc",
 "sel4lake-mem",
 "sel4lake-sched",
 "sel4lake-sync",
]

[[package]]
name = "sel4lake-sched"
version = "0.0.1"
dependencies = [
 "sel4lake-hal",
]

[[package]]
name = "sel4lake-sync"
version = "0.0.1"
