# This file is automatically @generated by Cargo.
# It is not intended for manual editing.
version = 4

[[package]]
name = "aggressor-h"
version = "0.0.1"
dependencies = [
 "libsel4lake",
]

[[package]]
name = "aggressor-u"
version = "0.0.1"
dependencies = [
 "libsel4lake",
]

[[package]]
name = "intruder-h"
version = "0.0.1"
dependencies = [
 "libsel4lake",
]

[[package]]
name = "intruder-u"
version = "0.0.1"
dependencies = [
 "libsel4lake",
]

[[package]]
name = "libsel4lake"
version = "0.0.1"
