# This file is automatically @generated by Cargo.
# It is not intended for manual editing.
version = 4

[[package]]
name = "hello"
version = "0.0.1"
dependencies = [
 "libsel4lake",
]

[[package]]
name = "init"
version = "0.0.1"
dependencies = [
 "libsel4lake",
]

[[package]]
name = "libsel4lake"
version = "0.0.1"

[[package]]
name = "svc-demo"
version = "0.0.1"
dependencies = [
 "libsel4lake",
]
